
Microsoft Visual Studio Solution File, Format Version 12.00
# Visual Studio 15
VisualStudioVersion = 15.0.28307.421
MinimumVisualStudioVersion = 10.0.40219.1
Project("{FAE04EC0-301F-11D3-BF4B-00C04F79EFBC}") = "QuickMath", "QuickMath\QuickMath.csproj", "{B6B6456B-1540-4EEC-8A7F-351826F57B74}"
EndProject
Global
	GlobalSection(SolutionConfigurationPlatforms) = preSolution
		Debug|Any CPU = Debug|Any CPU
		Release|Any CPU = Release|Any CPU
	EndGlobalSection
	GlobalSection(ProjectConfigurationPlatforms) = postSolution
		{B6B6456B-1540-4EEC-8A7F-351826F57B74}.Debug|Any CPU.ActiveCfg = Debug|Any CPU
		{B6B6456B-1540-4EEC-8A7F-351826F57B74}.Debug|Any CPU.Build.0 = Debug|Any CPU
		{B6B6456B-1540-4EEC-8A7F-351826F57B74}.Release|Any CPU.ActiveCfg = Release|Any CPU
		{B6B6456B-1540-4EEC-8A7F-351826F57B74}.Release|Any CPU.Build.0 = Release|Any CPU
	EndGlobalSection
	GlobalSection(SolutionProperties) = preSolution
		HideSolutionNode = FALSE
	EndGlobalSection
	GlobalSection(ExtensibilityGlobals) = postSolution
		SolutionGuid = {DEA58147-CEEC-496F-BAC5-2D3E0C22C411}
	EndGlobalSection
EndGlobal
